// !$*UTF8*$!
{
	archiveVersion = 1;
	classes = {
	};
	objectVersion = 46;
	objects = {

/* Begin PBXBuildFile section */
		111A176619D0DB88000EE067 /* main.m in Sources */ = {isa = PBXBuildFile; fileRef = 111A176519D0DB88000EE067 /* main.m */; };
		111A176919D0DB88000EE067 /* AppDelegate.m in Sources */ = {isa = PBXBuildFile; fileRef = 111A176819D0DB88000EE067 /* AppDelegate.m */; };
		111A176F19D0DB88000EE067 /* Main.storyboard in Resources */ = {isa = PBXBuildFile; fileRef = 111A176D19D0DB88000EE067 /* Main.storyboard */; };
		111A177119D0DB88000EE067 /* Images.xcassets in Resources */ = {isa = PBXBuildFile; fileRef = 111A177019D0DB88000EE067 /* Images.xcassets */; };
		111A178019D0DB88000EE067 /* CardOrganizerTests.m in Sources */ = {isa = PBXBuildFile; fileRef = 111A177F19D0DB88000EE067 /* CardOrganizerTests.m */; };
		111A178E19D0E218000EE067 /* createNewCardViewController.m in Sources */ = {isa = PBXBuildFile; fileRef = 111A178D19D0E218000EE067 /* createNewCardViewController.m */; };
		11263BB319D24A4F000AF712 /* AllCardsTableViewController.m in Sources */ = {isa = PBXBuildFile; fileRef = 11263BB219D24A4F000AF712 /* AllCardsTableViewController.m */; };
		11263BB619D26218000AF712 /* CardInfoViewController.m in Sources */ = {isa = PBXBuildFile; fileRef = 11263BB519D26218000AF712 /* CardInfoViewController.m */; };
/* End PBXBuildFile section */

/* Begin PBXContainerItemProxy section */
		111A177A19D0DB88000EE067 /* PBXContainerItemProxy */ = {
			isa = PBXContainerItemProxy;
			containerPortal = 111A175819D0DB88000EE067 /* Project object */;
			proxyType = 1;
			remoteGlobalIDString = 111A175F19D0DB88000EE067;
			remoteInfo = CardOrganizer;
		};
/* End PBXContainerItemProxy section */

/* Begin PBXFileReference section */
		111A176019D0DB88000EE067 /* CardOrganizer.app */ = {isa = PBXFileReference; explicitFileType = wrapper.application; includeInIndex = 0; path = CardOrganizer.app; sourceTree = BUILT_PRODUCTS_DIR; };
		111A176419D0DB88000EE067 /* Info.plist */ = {isa = PBXFileReference; lastKnownFileType = text.plist.xml; path = Info.plist; sourceTree = "<group>"; };
		111A176519D0DB88000EE067 /* main.m */ = {isa = PBXFileReference; lastKnownFileType = sourcecode.c.objc; path = main.m; sourceTree = "<group>"; };
		111A176719D0DB88000EE067 /* AppDelegate.h */ = {isa = PBXFileReference; lastKnownFileType = sourcecode.c.h; path = AppDelegate.h; sourceTree = "<group>"; };
		111A176819D0DB88000EE067 /* AppDelegate.m */ = {isa = PBXFileReference; lastKnownFileType = sourcecode.c.objc; path = AppDelegate.m; sourceTree = "<group>"; };
		111A176E19D0DB88000EE067 /* Base */ = {isa = PBXFileReference; lastKnownFileType = file.storyboard; name = Base; path = Base.lproj/Main.storyboard; sourceTree = "<group>"; };
		111A177019D0DB88000EE067 /* Images.xcassets */ = {isa = PBXFileReference; lastKnownFileType = folder.assetcatalog; path = Images.xcassets; sourceTree = "<group>"; };
		111A177919D0DB88000EE067 /* CardOrganizerTests.xctest */ = {isa = PBXFileReference; explicitFileType = wrapper.cfbundle; includeInIndex = 0; path = CardOrganizerTests.xctest; sourceTree = BUILT_PRODUCTS_DIR; };
		111A177E19D0DB88000EE067 /* Info.plist */ = {isa = PBXFileReference; lastKnownFileType = text.plist.xml; path = Info.plist; sourceTree = "<group>"; };
		111A177F19D0DB88000EE067 /* CardOrganizerTests.m */ = {isa = PBXFileReference; lastKnownFileType = sourcecode.c.objc; path = CardOrganizerTests.m; sourceTree = "<group>"; };
		111A178C19D0E218000EE067 /* createNewCardViewController.h */ = {isa = PBXFileReference; fileEncoding = 4; lastKnownFileType = sourcecode.c.h; path = createNewCardViewController.h; sourceTree = "<group>"; };
		111A178D19D0E218000EE067 /* createNewCardViewController.m */ = {isa = PBXFileReference; fileEncoding = 4; lastKnownFileType = sourcecode.c.objc; path = createNewCardViewController.m; sourceTree = "<group>"; };
		11263BB119D24A4F000AF712 /* AllCardsTableViewController.h */ = {isa = PBXFileReference; fileEncoding = 4; lastKnownFileType = sourcecode.c.h; path = AllCardsTableViewController.h; sourceTree = "<group>"; };
		11263BB219D24A4F000AF712 /* AllCardsTableViewController.m */ = {isa = PBXFileReference; fileEncoding = 4; lastKnownFileType = sourcecode.c.objc; path = AllCardsTableViewController.m; sourceTree = "<group>"; };
		11263BB419D26218000AF712 /* CardInfoViewController.h */ = {isa = PBXFileReference; fileEncoding = 4; lastKnownFileType = sourcecode.c.h; path = CardInfoViewController.h; sourceTree = "<group>"; };
		11263BB519D26218000AF712 /* CardInfoViewController.m */ = {isa = PBXFileReference; fileEncoding = 4; lastKnownFileType = sourcecode.c.objc; path = CardInfoViewController.m; sourceTree = "<group>"; };
/* End PBXFileReference section */

/* Begin PBXFrameworksBuildPhase section */
		111A175D19D0DB88000EE067 /* Frameworks */ = {
			isa = PBXFrameworksBuildPhase;
			buildActionMask = 2147483647;
			files = (
			);
			runOnlyForDeploymentPostprocessing = 0;
		};
		111A177619D0DB88000EE067 /* Frameworks */ = {
			isa = PBXFrameworksBuildPhase;
			buildActionMask = 2147483647;
			files = (
			);
			runOnlyForDeploymentPostprocessing = 0;
		};
/* End PBXFrameworksBuildPhase section */

/* Begin PBXGroup section */
		111A175719D0DB88000EE067 = {
			isa = PBXGroup;
			children = (
				111A176219D0DB88000EE067 /* CardOrganizer */,
				111A177C19D0DB88000EE067 /* CardOrganizerTests */,
				111A176119D0DB88000EE067 /* Products */,
			);
			sourceTree = "<group>";
		};
		111A176119D0DB88000EE067 /* Products */ = {
			isa = PBXGroup;
			children = (
				111A176019D0DB88000EE067 /* CardOrganizer.app */,
				111A177919D0DB88000EE067 /* CardOrganizerTests.xctest */,
			);
			name = Products;
			sourceTree = "<group>";
		};
		111A176219D0DB88000EE067 /* CardOrganizer */ = {
			isa = PBXGroup;
			children = (
				111A178C19D0E218000EE067 /* createNewCardViewController.h */,
				111A178D19D0E218000EE067 /* createNewCardViewController.m */,
				111A176D19D0DB88000EE067 /* Main.storyboard */,
				11263BB419D26218000AF712 /* CardInfoViewController.h */,
				11263BB519D26218000AF712 /* CardInfoViewController.m */,
				11263BB119D24A4F000AF712 /* AllCardsTableViewController.h */,
				11263BB219D24A4F000AF712 /* AllCardsTableViewController.m */,
				111A177019D0DB88000EE067 /* Images.xcassets */,
				111A176319D0DB88000EE067 /* Supporting Files */,
			);
			path = CardOrganizer;
			sourceTree = "<group>";
		};
		111A176319D0DB88000EE067 /* Supporting Files */ = {
			isa = PBXGroup;
			children = (
				111A176719D0DB88000EE067 /* AppDelegate.h */,
				111A176819D0DB88000EE067 /* AppDelegate.m */,
				111A176419D0DB88000EE067 /* Info.plist */,
				111A176519D0DB88000EE067 /* main.m */,
			);
			name = "Supporting Files";
			sourceTree = "<group>";
		};
		111A177C19D0DB88000EE067 /* CardOrganizerTests */ = {
			isa = PBXGroup;
			children = (
				111A177F19D0DB88000EE067 /* CardOrganizerTests.m */,
				111A177D19D0DB88000EE067 /* Supporting Files */,
			);
			path = CardOrganizerTests;
			sourceTree = "<group>";
		};
		111A177D19D0DB88000EE067 /* Supporting Files */ = {
			isa = PBXGroup;
			children = (
				111A177E19D0DB88000EE067 /* Info.plist */,
			);
			name = "Supporting Files";
			sourceTree = "<group>";
		};
/* End PBXGroup section */

/* Begin PBXNativeTarget section */
		111A175F19D0DB88000EE067 /* CardOrganizer */ = {
			isa = PBXNativeTarget;
			buildConfigurationList = 111A178319D0DB88000EE067 /* Build configuration list for PBXNativeTarget "CardOrganizer" */;
			buildPhases = (
				111A175C19D0DB88000EE067 /* Sources */,
				111A175D19D0DB88000EE067 /* Frameworks */,
				111A175E19D0DB88000EE067 /* Resources */,
			);
			buildRules = (
			);
			dependencies = (
			);
			name = CardOrganizer;
			productName = CardOrganizer;
			productReference = 111A176019D0DB88000EE067 /* CardOrganizer.app */;
			productType = "com.apple.product-type.application";
		};
		111A177819D0DB88000EE067 /* CardOrganizerTests */ = {
			isa = PBXNativeTarget;
			buildConfigurationList = 111A178619D0DB88000EE067 /* Build configuration list for PBXNativeTarget "CardOrganizerTests" */;
			buildPhases = (
				111A177519D0DB88000EE067 /* Sources */,
				111A177619D0DB88000EE067 /* Frameworks */,
				111A177719D0DB88000EE067 /* Resources */,
			);
			buildRules = (
			);
			dependencies = (
				111A177B19D0DB88000EE067 /* PBXTargetDependency */,
			);
			name = CardOrganizerTests;
			productName = CardOrganizerTests;
			productReference = 111A177919D0DB88000EE067 /* CardOrganizerTests.xctest */;
			productType = "com.apple.product-type.bundle.unit-test";
		};
/* End PBXNativeTarget section */

/* Begin PBXProject section */
		111A175819D0DB88000EE067 /* Project object */ = {
			isa = PBXProject;
			attributes = {
				LastUpgradeCheck = 0600;
				ORGANIZATIONNAME = "Jet&JXY";
				TargetAttributes = {
					111A175F19D0DB88000EE067 = {
						CreatedOnToolsVersion = 6.0.1;
					};
					111A177819D0DB88000EE067 = {
						CreatedOnToolsVersion = 6.0.1;
						TestTargetID = 111A175F19D0DB88000EE067;
					};
				};
			};
			buildConfigurationList = 111A175B19D0DB88000EE067 /* Build configuration list for PBXProject "CardOrganizer" */;
			compatibilityVersion = "Xcode 3.2";
			developmentRegion = English;
			hasScannedForEncodings = 0;
			knownRegions = (
				en,
				Base,
			);
			mainGroup = 111A175719D0DB88000EE067;
			productRefGroup = 111A176119D0DB88000EE067 /* Products */;
			projectDirPath = "";
			projectRoot = "";
			targets = (
				111A175F19D0DB88000EE067 /* CardOrganizer */,
				111A177819D0DB88000EE067 /* CardOrganizerTests */,
			);
		};
/* End PBXProject section */

/* Begin PBXResourcesBuildPhase section */
		111A175E19D0DB88000EE067 /* Resources */ = {
			isa = PBXResourcesBuildPhase;
			buildActionMask = 2147483647;
			files = (
				111A176F19D0DB88000EE067 /* Main.storyboard in Resources */,
				111A177119D0DB88000EE067 /* Images.xcassets in Resources */,
			);
			runOnlyForDeploymentPostprocessing = 0;
		};
		111A177719D0DB88000EE067 /* Resources */ = {
			isa = PBXResourcesBuildPhase;
			buildActionMask = 2147483647;
			files = (
			);
			runOnlyForDeploymentPostprocessing = 0;
		};
/* End PBXResourcesBuildPhase section */

/* Begin PBXSourcesBuildPhase section */
		111A175C19D0DB88000EE067 /* Sources */ = {
			isa = PBXSourcesBuildPhase;
			buildActionMask = 2147483647;
			files = (
				11263BB619D26218000AF712 /* CardInfoViewController.m in Sources */,
				11263BB319D24A4F000AF712 /* AllCardsTableViewController.m in Sources */,
				111A178E19D0E218000EE067 /* createNewCardViewController.m in Sources */,
				111A176919D0DB88000EE067 /* AppDelegate.m in Sources */,
				111A176619D0DB88000EE067 /* main.m in Sources */,
			);
			runOnlyForDeploymentPostprocessing = 0;
		};
		111A177519D0DB88000EE067 /* Sources */ = {
			isa = PBXSourcesBuildPhase;
			buildActionMask = 2147483647;
			files = (
				111A178019D0DB88000EE067 /* CardOrganizerTests.m in Sources */,
			);
			runOnlyForDeploymentPostprocessing = 0;
		};
/* End PBXSourcesBuildPhase section */

/* Begin PBXTargetDependency section */
		111A177B19D0DB88000EE067 /* PBXTargetDependency */ = {
			isa = PBXTargetDependency;
			target = 111A175F19D0DB88000EE067 /* CardOrganizer */;
			targetProxy = 111A177A19D0DB88000EE067 /* PBXContainerItemProxy */;
		};
/* End PBXTargetDependency section */

/* Begin PBXVariantGroup section */
		111A176D19D0DB88000EE067 /* Main.storyboard */ = {
			isa = PBXVariantGroup;
			children = (
				111A176E19D0DB88000EE067 /* Base */,
			);
			name = Main.storyboard;
			sourceTree = "<group>";
		};
/* End PBXVariantGroup section */

/* Begin XCBuildConfiguration section */
		111A178119D0DB88000EE067 /* Debug */ = {
			isa = XCBuildConfiguration;
			buildSettings = {
				ALWAYS_SEARCH_USER_PATHS = NO;
				CLANG_CXX_LANGUAGE_STANDARD = "gnu++0x";
				CLANG_CXX_LIBRARY = "libc++";
				CLANG_ENABLE_MODULES = YES;
				CLANG_ENABLE_OBJC_ARC = YES;
				CLANG_WARN_BOOL_CONVERSION = YES;
				CLANG_WARN_CONSTANT_CONVERSION = YES;
				CLANG_WARN_DIRECT_OBJC_ISA_USAGE = YES_ERROR;
				CLANG_WARN_EMPTY_BODY = YES;
				CLANG_WARN_ENUM_CONVERSION = YES;
				CLANG_WARN_INT_CONVERSION = YES;
				CLANG_WARN_OBJC_ROOT_CLASS = YES_ERROR;
				CLANG_WARN_UNREACHABLE_CODE = YES;
				CLANG_WARN__DUPLICATE_METHOD_MATCH = YES;
				"CODE_SIGN_IDENTITY[sdk=iphoneos*]" = "iPhone Developer";
				COPY_PHASE_STRIP = NO;
				ENABLE_STRICT_OBJC_MSGSEND = YES;
				GCC_C_LANGUAGE_STANDARD = gnu99;
				GCC_DYNAMIC_NO_PIC = NO;
				GCC_OPTIMIZATION_LEVEL = 0;
				GCC_PREPROCESSOR_DEFINITIONS = (
					"DEBUG=1",
					"$(inherited)",
				);
				GCC_SYMBOLS_PRIVATE_EXTERN = NO;
				GCC_WARN_64_TO_32_BIT_CONVERSION = YES;
				GCC_WARN_ABOUT_RETURN_TYPE = YES_ERROR;
				GCC_WARN_UNDECLARED_SELECTOR = YES;
				GCC_WARN_UNINITIALIZED_AUTOS = YES_AGGRESSIVE;
				GCC_WARN_UNUSED_FUNCTION = YES;
				GCC_WARN_UNUSED_VARIABLE = YES;
				IPHONEOS_DEPLOYMENT_TARGET = 8.0;
				MTL_ENABLE_DEBUG_INFO = YES;
				ONLY_ACTIVE_ARCH = YES;
				SDKROOT = iphoneos;
			};
			name = Debug;
		};
		111A178219D0DB88000EE067 /* Release */ = {
			isa = XCBuildConfiguration;
			buildSettings = {
				ALWAYS_SEARCH_USER_PATHS = NO;
				CLANG_CXX_LANGUAGE_STANDARD = "gnu++0x";
				CLANG_CXX_LIBRARY = "libc++";
				CLANG_ENABLE_MODULES = YES;
				CLANG_ENABLE_OBJC_ARC = YES;
				CLANG_WARN_BOOL_CONVERSION = YES;
				CLANG_WARN_CONSTANT_CONVERSION = YES;
				CLANG_WARN_DIRECT_OBJC_ISA_USAGE = YES_ERROR;
				CLANG_WARN_EMPTY_BODY = YES;
				CLANG_WARN_ENUM_CONVERSION = YES;
				CLANG_WARN_INT_CONVERSION = YES;
				CLANG_WARN_OBJC_ROOT_CLASS = YES_ERROR;
				CLANG_WARN_UNREACHABLE_CODE = YES;
				CLANG_WARN__DUPLICATE_METHOD_MATCH = YES;
				"CODE_SIGN_IDENTITY[sdk=iphoneos*]" = "iPhone Developer";
				COPY_PHASE_STRIP = YES;
				ENABLE_NS_ASSERTIONS = NO;
				ENABLE_STRICT_OBJC_MSGSEND = YES;
				GCC_C_LANGUAGE_STANDARD = gnu99;
				GCC_WARN_64_TO_32_BIT_CONVERSION = YES;
				GCC_WARN_ABOUT_RETURN_TYPE = YES_ERROR;
				GCC_WARN_UNDECLARED_SELECTOR = YES;
				GCC_WARN_UNINITIALIZED_AUTOS = YES_AGGRESSIVE;
				GCC_WARN_UNUSED_FUNCTION = YES;
				GCC_WARN_UNUSED_VARIABLE = YES;
				IPHONEOS_DEPLOYMENT_TARGET = 8.0;
				MTL_ENABLE_DEBUG_INFO = NO;
				SDKROOT = iphoneos;
				VALIDATE_PRODUCT = YES;
			};
			name = Release;
		};
		111A178419D0DB88000EE067 /* Debug */ = {
			isa = XCBuildConfiguration;
			buildSettings = {
				ASSETCATALOG_COMPILER_APPICON_NAME = AppIcon;
				INFOPLIST_FILE = CardOrganizer/Info.plist;
				LD_RUNPATH_SEARCH_PATHS = "$(inherited) @executable_path/Frameworks";
				PRODUCT_NAME = "$(TARGET_NAME)";
			};
			name = Debug;
		};
		111A178519D0DB88000EE067 /* Release */ = {
			isa = XCBuildConfiguration;
			buildSettings = {
				ASSETCATALOG_COMPILER_APPICON_NAME = AppIcon;
				INFOPLIST_FILE = CardOrganizer/Info.plist;
				LD_RUNPATH_SEARCH_PATHS = "$(inherited) @executable_path/Frameworks";
				PRODUCT_NAME = "$(TARGET_NAME)";
			};
			name = Release;
		};
		111A178719D0DB88000EE067 /* Debug */ = {
			isa = XCBuildConfiguration;
			buildSettings = {
				BUNDLE_LOADER = "$(TEST_HOST)";
				FRAMEWORK_SEARCH_PATHS = (
					"$(SDKROOT)/Developer/Library/Frameworks",
					"$(inherited)",
				);
				GCC_PREPROCESSOR_DEFINITIONS = (
					"DEBUG=1",
					"$(inherited)",
				);
				INFOPLIST_FILE = CardOrganizerTests/Info.plist;
				LD_RUNPATH_SEARCH_PATHS = "$(inherited) @executable_path/Frameworks @loader_path/Frameworks";
				PRODUCT_NAME = "$(TARGET_NAME)";
				TEST_HOST = "$(BUILT_PRODUCTS_DIR)/CardOrganizer.app/CardOrganizer";
			};
			name = Debug;
		};
		111A178819D0DB88000EE067 /* Release */ = {
			isa = XCBuildConfiguration;
			buildSettings = {
				BUNDLE_LOADER = "$(TEST_HOST)";
				FRAMEWORK_SEARCH_PATHS = (
					"$(SDKROOT)/Developer/Library/Frameworks",
					"$(inherited)",
				);
				INFOPLIST_FILE = CardOrganizerTests/Info.plist;
				LD_RUNPATH_SEARCH_PATHS = "$(inherited) @executable_path/Frameworks @loader_path/Frameworks";
				PRODUCT_NAME = "$(TARGET_NAME)";
				TEST_HOST = "$(BUILT_PRODUCTS_DIR)/CardOrganizer.app/CardOrganizer";
			};
			name = Release;
		};
/* End XCBuildConfiguration section */

/* Begin XCConfigurationList section */
		111A175B19D0DB88000EE067 /* Build configuration list for PBXProject "CardOrganizer" */ = {
			isa = XCConfigurationList;
			buildConfigurations = (
				111A178119D0DB88000EE067 /* Debug */,
				111A178219D0DB88000EE067 /* Release */,
			);
			defaultConfigurationIsVisible = 0;
			defaultConfigurationName = Release;
		};
		111A178319D0DB88000EE067 /* Build configuration list for PBXNativeTarget "CardOrganizer" */ = {
			isa = XCConfigurationList;
			buildConfigurations = (
				111A178419D0DB88000EE067 /* Debug */,
				111A178519D0DB88000EE067 /* Release */,
			);
			defaultConfigurationIsVisible = 0;
			defaultConfigurationName = Release;
		};
		111A178619D0DB88000EE067 /* Build configuration list for PBXNativeTarget "CardOrganizerTests" */ = {
			isa = XCConfigurationList;
			buildConfigurations = (
				111A178719D0DB88000EE067 /* Debug */,
				111A178819D0DB88000EE067 /* Release */,
			);
			defaultConfigurationIsVisible = 0;
			defaultConfigurationName = Release;
		};
/* End XCConfigurationList section */
	};
	rootObject = 111A175819D0DB88000EE067 /* Project object */;
}
